{
    "_readme": [
        "This file locks the dependencies of your project to a known state",
        "Read more about it at https://getcomposer.org/doc/01-basic-usage.md#installing-dependencies",
        "This file is @generated automatically"
    ],
    "content-hash": "ea8b961a1261254ddf98b7eef3833f44",
    "packages": [
        {
            "name": "hnrazevedo/datamanager",
            "version": "dev-master",
            "source": {
                "type": "git",
                "url": "https://github.com/hnrazevedo/Datamanager.git",
                "reference": "80b68795c5f9be3311d754fbb934ea8783b0de20"
            },
            "dist": {
                "type": "zip",
                "url": "https://api.github.com/repos/hnrazevedo/Datamanager/zipball/80b68795c5f9be3311d754fbb934ea8783b0de20",
                "reference": "80b68795c5f9be3311d754fbb934ea8783b0de20",
                "shasum": ""
            },
            "require": {
                "ext-pdo": "*",
                "php": ">=7.4"
            },
            "default-branch": true,
            "type": "library",
            "autoload": {
                "psr-4": {
                    "HnrAzevedo\\Datamanager\\": "src/",
                    "HnrAzevedo\\Datamanager\\Attributes\\": "src/attributes/"
                }
            },
            "notification-url": "https://packagist.org/downloads/",
            "license": [
                "MIT"
            ],
            "authors": [
                {
                    "name": "Henri Mateus Santos de Azevedo",
                    "email": "hnr.azevedo@gmail.com",
                    "role": "Developer"
                }
            ],
            "description": "Datamanager is a simple persistence abstraction component in the database.",
            "support": {
                "issues": "https://github.com/hnrazevedo/Datamanager/issues",
                "source": "https://github.com/hnrazevedo/Datamanager/tree/master"
            },
            "time": "2021-01-11T02:30:03+00:00"
        },
        {
            "name": "hnrazevedo/http",
            "version": "dev-master",
            "source": {
                "type": "git",
                "url": "https://github.com/hnrazevedo/Http.git",
                "reference": "4818e831278ae39264ca018d5d8a1976c69de85a"
            },
            "dist": {
                "type": "zip",
                "url": "https://api.github.com/repos/hnrazevedo/Http/zipball/4818e831278ae39264ca018d5d8a1976c69de85a",
                "reference": "4818e831278ae39264ca018d5d8a1976c69de85a",
                "shasum": ""
            },
            "require": {
                "php": ">=7.4",
                "psr/http-factory": "^1.0",
                "psr/http-message": "^1.0",
                "psr/http-server-handler": "^1.0",
                "psr/http-server-middleware": "^1.0"
            },
            "default-branch": true,
            "type": "library",
            "autoload": {
                "psr-4": {
                    "HnrAzevedo\\Http\\": "src/"
                }
            },
            "notification-url": "https://packagist.org/downloads/",
            "license": [
                "MIT"
            ],
            "authors": [
                {
                    "name": "Henri Mateus Santos de Azevedo",
                    "email": "hnr.azevedo@gmail.com",
                    "role": "Developer"
                }
            ],
            "support": {
                "issues": "https://github.com/hnrazevedo/Http/issues",
                "source": "https://github.com/hnrazevedo/Http/tree/master"
            },
            "time": "2020-10-03T14:50:17+00:00"
        },
        {
            "name": "hnrazevedo/router",
            "version": "v2.4.5",
            "source": {
                "type": "git",
                "url": "https://github.com/hnrazevedo/Router.git",
                "reference": "f70663cb4820950e6f5358dcc2c5b7b80f550a35"
            },
            "dist": {
                "type": "zip",
                "url": "https://api.github.com/repos/hnrazevedo/Router/zipball/f70663cb4820950e6f5358dcc2c5b7b80f550a35",
                "reference": "f70663cb4820950e6f5358dcc2c5b7b80f550a35",
                "shasum": ""
            },
            "require": {
                "hnrazevedo/http": "dev-master",
                "opis/closure": "^3.5@dev",
                "php": ">=7.4"
            },
            "type": "library",
            "autoload": {
                "psr-4": {
                    "HnrAzevedo\\Router\\": "src/",
                    "HnrAzevedo\\Router\\Example\\Controllers\\": "examples/Controllers/",
                    "HnrAzevedo\\Router\\Example\\Middleware\\": "examples/Middleware/"
                }
            },
            "notification-url": "https://packagist.org/downloads/",
            "license": [
                "MIT"
            ],
            "authors": [
                {
                    "name": "Henri Mateus Santos de Azevedo",
                    "email": "hnr.azevedo@gmail.com",
                    "role": "Developer"
                }
            ],
            "description": "Router is a simple friendly URL abstractor.",
            "support": {
                "issues": "https://github.com/hnrazevedo/Router/issues",
                "source": "https://github.com/hnrazevedo/Router/tree/v2.4.5"
            },
            "time": "2020-11-29T23:38:54+00:00"
        },
        {
            "name": "hnrazevedo/validator",
            "version": "v2.1.4",
            "source": {
                "type": "git",
                "url": "https://github.com/hnrazevedo/Validator.git",
                "reference": "2e6c5a90a6fc73126eef6d1f11caa8ce3ce03b96"
            },
            "dist": {
                "type": "zip",
                "url": "https://api.github.com/repos/hnrazevedo/Validator/zipball/2e6c5a90a6fc73126eef6d1f11caa8ce3ce03b96",
                "reference": "2e6c5a90a6fc73126eef6d1f11caa8ce3ce03b96",
                "shasum": ""
            },
            "require": {
                "hnrazevedo/http": "dev-master",
                "php": ">=7.4"
            },
            "type": "library",
            "autoload": {
                "psr-4": {
                    "HnrAzevedo\\Validator\\": "src/",
                    "HnrAzevedo\\Validator\\Example\\Rules\\": "examples/Rules/"
                }
            },
            "notification-url": "https://packagist.org/downloads/",
            "license": [
                "MIT"
            ],
            "authors": [
                {
                    "name": "Henri Mateus Santos de Azevedo",
                    "email": "hnr.azevedo@gmail.com",
                    "role": "Developer"
                }
            ],
            "description": "Validator is a simple data validation component.",
            "support": {
                "issues": "https://github.com/hnrazevedo/Validator/issues",
                "source": "https://github.com/hnrazevedo/Validator/tree/v2.1.4"
            },
            "time": "2020-11-10T17:43:54+00:00"
        },
        {
            "name": "hnrazevedo/viewer",
            "version": "v2.0.5",
            "source": {
                "type": "git",
                "url": "https://github.com/hnrazevedo/Viewer.git",
                "reference": "658b827079c696049b222518be5cefd4ed2dd6ea"
            },
            "dist": {
                "type": "zip",
                "url": "https://api.github.com/repos/hnrazevedo/Viewer/zipball/658b827079c696049b222518be5cefd4ed2dd6ea",
                "reference": "658b827079c696049b222518be5cefd4ed2dd6ea",
                "shasum": ""
            },
            "require": {
                "hnrazevedo/http": "dev-master",
                "php": ">=7.4"
            },
            "type": "library",
            "autoload": {
                "psr-4": {
                    "HnrAzevedo\\Viewer\\": "src/",
                    "HnrAzevedo\\Viewer\\Example\\Middleware\\": "examples/Middleware/"
                }
            },
            "notification-url": "https://packagist.org/downloads/",
            "license": [
                "MIT"
            ],
            "authors": [
                {
                    "name": "Henri Mateus Santos de Azevedo",
                    "email": "hnr.azevedo@gmail.com",
                    "role": "Developer"
                }
            ],
            "description": "Tools for developing personal projects",
            "support": {
                "issues": "https://github.com/hnrazevedo/Viewer/issues",
                "source": "https://github.com/hnrazevedo/Viewer/tree/v2.0.5"
            },
            "time": "2020-11-30T00:14:38+00:00"
        },
        {
            "name": "opis/closure",
            "version": "dev-master",
            "source": {
                "type": "git",
                "url": "https://github.com/opis/closure.git",
                "reference": "06b4961aabf900c72a20b7000bfa10fd7ae3035e"
            },
            "dist": {
                "type": "zip",
                "url": "https://api.github.com/repos/opis/closure/zipball/06b4961aabf900c72a20b7000bfa10fd7ae3035e",
                "reference": "06b4961aabf900c72a20b7000bfa10fd7ae3035e",
                "shasum": ""
            },
            "require": {
                "php": "^5.4 || ^7.0 || ^8.0"
            },
            "require-dev": {
                "jeremeamia/superclosure": "^2.0",
                "phpunit/phpunit": "^4.0 || ^5.0 || ^6.0 || ^7.0 || ^8.0 || ^9.0"
            },
            "default-branch": true,
            "type": "library",
            "extra": {
                "branch-alias": {
                    "dev-master": "3.6.x-dev"
                }
            },
            "autoload": {
                "psr-4": {
                    "Opis\\Closure\\": "src/"
                },
                "files": [
                    "functions.php"
                ]
            },
            "notification-url": "https://packagist.org/downloads/",
            "license": [
                "MIT"
            ],
            "authors": [
                {
                    "name": "Marius Sarca",
                    "email": "marius.sarca@gmail.com"
                },
                {
                    "name": "Sorin Sarca",
                    "email": "sarca_sorin@hotmail.com"
                }
            ],
            "description": "A library that can be used to serialize closures (anonymous functions) and arbitrary objects.",
            "homepage": "https://opis.io/closure",
            "keywords": [
                "anonymous functions",
                "closure",
                "function",
                "serializable",
                "serialization",
                "serialize"
            ],
            "support": {
                "issues": "https://github.com/opis/closure/issues",
                "source": "https://github.com/opis/closure/tree/master"
            },
            "time": "2020-12-05T19:20:15+00:00"
        },
        {
            "name": "phpmailer/phpmailer",
            "version": "v6.2.0",
            "source": {
                "type": "git",
                "url": "https://github.com/PHPMailer/PHPMailer.git",
                "reference": "e38888a75c070304ca5514197d4847a59a5c853f"
            },
            "dist": {
                "type": "zip",
                "url": "https://api.github.com/repos/PHPMailer/PHPMailer/zipball/e38888a75c070304ca5514197d4847a59a5c853f",
                "reference": "e38888a75c070304ca5514197d4847a59a5c853f",
                "shasum": ""
            },
            "require": {
                "ext-ctype": "*",
                "ext-filter": "*",
                "ext-hash": "*",
                "php": ">=5.5.0"
            },
            "require-dev": {
                "dealerdirect/phpcodesniffer-composer-installer": "^0.7.0",
                "doctrine/annotations": "^1.2",
                "phpcompatibility/php-compatibility": "^9.3.5",
                "roave/security-advisories": "dev-latest",
                "squizlabs/php_codesniffer": "^3.5.6",
                "yoast/phpunit-polyfills": "^0.2.0"
            },
            "suggest": {
                "ext-mbstring": "Needed to send email in multibyte encoding charset",
                "hayageek/oauth2-yahoo": "Needed for Yahoo XOAUTH2 authentication",
                "league/oauth2-google": "Needed for Google XOAUTH2 authentication",
                "psr/log": "For optional PSR-3 debug logging",
                "stevenmaguire/oauth2-microsoft": "Needed for Microsoft XOAUTH2 authentication",
                "symfony/polyfill-mbstring": "To support UTF-8 if the Mbstring PHP extension is not enabled (^1.2)"
            },
            "type": "library",
            "autoload": {
                "psr-4": {
                    "PHPMailer\\PHPMailer\\": "src/"
                }
            },
            "notification-url": "https://packagist.org/downloads/",
            "license": [
                "LGPL-2.1-only"
            ],
            "authors": [
                {
                    "name": "Marcus Bointon",
                    "email": "phpmailer@synchromedia.co.uk"
                },
                {
                    "name": "Jim Jagielski",
                    "email": "jimjag@gmail.com"
                },
                {
                    "name": "Andy Prevost",
                    "email": "codeworxtech@users.sourceforge.net"
                },
                {
                    "name": "Brent R. Matzelle"
                }
            ],
            "description": "PHPMailer is a full-featured email creation and transfer class for PHP",
            "support": {
                "issues": "https://github.com/PHPMailer/PHPMailer/issues",
                "source": "https://github.com/PHPMailer/PHPMailer/tree/v6.2.0"
            },
            "funding": [
                {
                    "url": "https://github.com/Synchro",
                    "type": "github"
                }
            ],
            "time": "2020-11-25T15:24:57+00:00"
        },
        {
            "name": "psr/http-factory",
            "version": "dev-master",
            "source": {
                "type": "git",
                "url": "https://github.com/php-fig/http-factory.git",
                "reference": "36fa03d50ff82abcae81860bdaf4ed9a1510c7cd"
            },
            "dist": {
                "type": "zip",
                "url": "https://api.github.com/repos/php-fig/http-factory/zipball/36fa03d50ff82abcae81860bdaf4ed9a1510c7cd",
                "reference": "36fa03d50ff82abcae81860bdaf4ed9a1510c7cd",
                "shasum": ""
            },
            "require": {
                "php": ">=7.0.0",
                "psr/http-message": "^1.0"
            },
            "default-branch": true,
            "type": "library",
            "extra": {
                "branch-alias": {
                    "dev-master": "1.0.x-dev"
                }
            },
            "autoload": {
                "psr-4": {
                    "Psr\\Http\\Message\\": "src/"
                }
            },
            "notification-url": "https://packagist.org/downloads/",
            "license": [
                "MIT"
            ],
            "authors": [
                {
                    "name": "PHP-FIG",
                    "homepage": "https://www.php-fig.org/"
                }
            ],
            "description": "Common interfaces for PSR-7 HTTP message factories",
            "keywords": [
                "factory",
                "http",
                "message",
                "psr",
                "psr-17",
                "psr-7",
                "request",
                "response"
            ],
            "support": {
                "source": "https://github.com/php-fig/http-factory/tree/master"
            },
            "time": "2020-09-17T16:52:55+00:00"
        },
        {
            "name": "psr/http-message",
            "version": "dev-master",
            "source": {
                "type": "git",
                "url": "https://github.com/php-fig/http-message.git",
                "reference": "efd67d1dc14a7ef4fc4e518e7dee91c271d524e4"
            },
            "dist": {
                "type": "zip",
                "url": "https://api.github.com/repos/php-fig/http-message/zipball/efd67d1dc14a7ef4fc4e518e7dee91c271d524e4",
                "reference": "efd67d1dc14a7ef4fc4e518e7dee91c271d524e4",
                "shasum": ""
            },
            "require": {
                "php": ">=5.3.0"
            },
            "default-branch": true,
            "type": "library",
            "extra": {
                "branch-alias": {
                    "dev-master": "1.0.x-dev"
                }
            },
            "autoload": {
                "psr-4": {
                    "Psr\\Http\\Message\\": "src/"
                }
            },
            "notification-url": "https://packagist.org/downloads/",
            "license": [
                "MIT"
            ],
            "authors": [
                {
                    "name": "PHP-FIG",
                    "homepage": "http://www.php-fig.org/"
                }
            ],
            "description": "Common interface for HTTP messages",
            "homepage": "https://github.com/php-fig/http-message",
            "keywords": [
                "http",
                "http-message",
                "psr",
                "psr-7",
                "request",
                "response"
            ],
            "support": {
                "source": "https://github.com/php-fig/http-message/tree/master"
            },
            "time": "2019-08-29T13:16:46+00:00"
        },
        {
            "name": "psr/http-server-handler",
            "version": "dev-master",
            "source": {
                "type": "git",
                "url": "https://github.com/php-fig/http-server-handler.git",
                "reference": "cada5cd1c6a9871031e07f26d0f7b08c9de19039"
            },
            "dist": {
                "type": "zip",
                "url": "https://api.github.com/repos/php-fig/http-server-handler/zipball/cada5cd1c6a9871031e07f26d0f7b08c9de19039",
                "reference": "cada5cd1c6a9871031e07f26d0f7b08c9de19039",
                "shasum": ""
            },
            "require": {
                "php": ">=7.0",
                "psr/http-message": "^1.0"
            },
            "default-branch": true,
            "type": "library",
            "extra": {
                "branch-alias": {
                    "dev-master": "1.0.x-dev"
                }
            },
            "autoload": {
                "psr-4": {
                    "Psr\\Http\\Server\\": "src/"
                }
            },
            "notification-url": "https://packagist.org/downloads/",
            "license": [
                "MIT"
            ],
            "authors": [
                {
                    "name": "PHP-FIG",
                    "homepage": "https://www.php-fig.org/"
                }
            ],
            "description": "Common interface for HTTP server-side request handler",
            "keywords": [
                "handler",
                "http",
                "http-interop",
                "psr",
                "psr-15",
                "psr-7",
                "request",
                "response",
                "server"
            ],
            "support": {
                "source": "https://github.com/php-fig/http-server-handler/tree/master"
            },
            "time": "2020-09-17T16:52:43+00:00"
        },
        {
            "name": "psr/http-server-middleware",
            "version": "dev-master",
            "source": {
                "type": "git",
                "url": "https://github.com/php-fig/http-server-middleware.git",
                "reference": "adcb26d2fb28018fea3319d0035e46e8d08eb8c8"
            },
            "dist": {
                "type": "zip",
                "url": "https://api.github.com/repos/php-fig/http-server-middleware/zipball/adcb26d2fb28018fea3319d0035e46e8d08eb8c8",
                "reference": "adcb26d2fb28018fea3319d0035e46e8d08eb8c8",
                "shasum": ""
            },
            "require": {
                "php": ">=7.0",
                "psr/http-message": "^1.0",
                "psr/http-server-handler": "^1.0"
            },
            "default-branch": true,
            "type": "library",
            "extra": {
                "branch-alias": {
                    "dev-master": "1.0.x-dev"
                }
            },
            "autoload": {
                "psr-4": {
                    "Psr\\Http\\Server\\": "src/"
                }
            },
            "notification-url": "https://packagist.org/downloads/",
            "license": [
                "MIT"
            ],
            "authors": [
                {
                    "name": "PHP-FIG",
                    "homepage": "https://www.php-fig.org/"
                }
            ],
            "description": "Common interface for HTTP server-side middleware",
            "keywords": [
                "http",
                "http-interop",
                "middleware",
                "psr",
                "psr-15",
                "psr-7",
                "request",
                "response"
            ],
            "support": {
                "issues": "https://github.com/php-fig/http-server-middleware/issues",
                "source": "https://github.com/php-fig/http-server-middleware/tree/master"
            },
            "time": "2020-09-17T16:41:19+00:00"
        },
        {
            "name": "psr/log",
            "version": "dev-master",
            "source": {
                "type": "git",
                "url": "https://github.com/php-fig/log.git",
                "reference": "dd738d0b4491f32725492cf345f6b501f5922fec"
            },
            "dist": {
                "type": "zip",
                "url": "https://api.github.com/repos/php-fig/log/zipball/dd738d0b4491f32725492cf345f6b501f5922fec",
                "reference": "dd738d0b4491f32725492cf345f6b501f5922fec",
                "shasum": ""
            },
            "require": {
                "php": ">=5.3.0"
            },
            "default-branch": true,
            "type": "library",
            "extra": {
                "branch-alias": {
                    "dev-master": "1.1.x-dev"
                }
            },
            "autoload": {
                "psr-4": {
                    "Psr\\Log\\": "Psr/Log/"
                }
            },
            "notification-url": "https://packagist.org/downloads/",
            "license": [
                "MIT"
            ],
            "authors": [
                {
                    "name": "PHP-FIG",
                    "homepage": "https://www.php-fig.org/"
                }
            ],
            "description": "Common interface for logging libraries",
            "homepage": "https://github.com/php-fig/log",
            "keywords": [
                "log",
                "psr",
                "psr-3"
            ],
            "support": {
                "source": "https://github.com/php-fig/log/tree/master"
            },
            "time": "2020-09-18T06:44:51+00:00"
        }
    ],
    "packages-dev": [],
    "aliases": [],
    "minimum-stability": "dev",
    "stability-flags": {
        "hnrazevedo/datamanager": 20,
        "hnrazevedo/http": 20,
        "psr/log": 20
    },
    "prefer-stable": false,
    "prefer-lowest": false,
    "platform": {
        "php": ">=7.4"
    },
    "platform-dev": [],
    "plugin-api-version": "2.0.0"
}
