{
    "_readme": [
        "This file locks the dependencies of your project to a known state",
        "Read more about it at https://getcomposer.org/doc/01-basic-usage.md#installing-dependencies",
        "This file is @generated automatically"
    ],
    "content-hash": "95308244f25892e5f7597ca574721f4f",
    "packages": [
        {
            "name": "hnrazevedo/datamanager",
            "version": "dev-master",
            "source": {
                "type": "git",
                "url": "https://github.com/hnrazevedo/Datamanager.git",
                "reference": "7315bb8cd72148fa66a52786249d408f43feebc7"
            },
            "dist": {
                "type": "zip",
                "url": "https://api.github.com/repos/hnrazevedo/Datamanager/zipball/7315bb8cd72148fa66a52786249d408f43feebc7",
                "reference": "7315bb8cd72148fa66a52786249d408f43feebc7",
                "shasum": ""
            },
            "require": {
                "ext-pdo": "*",
                "php": ">=7.4"
            },
            "type": "library",
            "autoload": {
                "psr-4": {
                    "HnrAzevedo\\Datamanager\\": "src/"
                }
            },
            "notification-url": "https://packagist.org/downloads/",
            "license": [
                "MIT"
            ],
            "authors": [
                {
                    "name": "Henri Mateus Santos de Azevedo",
                    "email": "hnr.azevedo@gmail.com",
                    "role": "Developer"
                }
            ],
            "description": "Datamanager is a simple persistence abstraction component in the database.",
            "time": "2020-09-21T17:00:08+00:00"
        },
        {
            "name": "hnrazevedo/filter",
            "version": "v1.0.0",
            "source": {
                "type": "git",
                "url": "https://github.com/hnrazevedo/Filter.git",
                "reference": "c704edfde8e038c6d31076757530d85c0a38bbd5"
            },
            "dist": {
                "type": "zip",
                "url": "https://api.github.com/repos/hnrazevedo/Filter/zipball/c704edfde8e038c6d31076757530d85c0a38bbd5",
                "reference": "c704edfde8e038c6d31076757530d85c0a38bbd5",
                "shasum": ""
            },
            "require": {
                "php": ">=7.4"
            },
            "type": "library",
            "autoload": {
                "psr-4": {
                    "HnrAzevedo\\Filter\\": "src/"
                }
            },
            "notification-url": "https://packagist.org/downloads/",
            "license": [
                "MIT"
            ],
            "authors": [
                {
                    "name": "Henri Mateus Santos de Azevedo",
                    "email": "hnr.azevedo@gmail.com",
                    "role": "Developer"
                }
            ],
            "description": "Filter is a simple component to check information.",
            "time": "2020-08-11T20:05:55+00:00"
        },
        {
            "name": "hnrazevedo/router",
            "version": "dev-master",
            "source": {
                "type": "git",
                "url": "https://github.com/hnrazevedo/Router.git",
                "reference": "93bd005671c826825253041a7d9f8fdab40649a3"
            },
            "dist": {
                "type": "zip",
                "url": "https://api.github.com/repos/hnrazevedo/Router/zipball/93bd005671c826825253041a7d9f8fdab40649a3",
                "reference": "93bd005671c826825253041a7d9f8fdab40649a3",
                "shasum": ""
            },
            "require": {
                "hnrazevedo/filter": "^1.0",
                "hnrazevedo/validator": "^1.0",
                "php": ">=7.4"
            },
            "type": "library",
            "autoload": {
                "psr-4": {
                    "HnrAzevedo\\Router\\": "src/",
                    "Example\\Controllers\\": "examples/Controllers/",
                    "Example\\Filters\\": "examples/Filters/"
                }
            },
            "notification-url": "https://packagist.org/downloads/",
            "license": [
                "MIT"
            ],
            "authors": [
                {
                    "name": "Henri Mateus Santos de Azevedo",
                    "email": "hnr.azevedo@gmail.com",
                    "role": "Developer"
                }
            ],
            "description": "Router is a simple friendly URL abstractor.",
            "time": "2020-09-21T12:03:14+00:00"
        },
        {
            "name": "hnrazevedo/validator",
            "version": "v1.1.8",
            "source": {
                "type": "git",
                "url": "https://github.com/hnrazevedo/Validator.git",
                "reference": "e1753f406ac8094180a0906405af88ca8d0a08fd"
            },
            "dist": {
                "type": "zip",
                "url": "https://api.github.com/repos/hnrazevedo/Validator/zipball/e1753f406ac8094180a0906405af88ca8d0a08fd",
                "reference": "e1753f406ac8094180a0906405af88ca8d0a08fd",
                "shasum": ""
            },
            "require": {
                "php": ">=7.4"
            },
            "type": "library",
            "autoload": {
                "psr-4": {
                    "HnrAzevedo\\Validator\\": "src/",
                    "Example\\Rules\\": "examples/Rules/"
                }
            },
            "notification-url": "https://packagist.org/downloads/",
            "license": [
                "MIT"
            ],
            "authors": [
                {
                    "name": "Henri Mateus Santos de Azevedo",
                    "email": "hnr.azevedo@gmail.com",
                    "role": "Developer"
                }
            ],
            "description": "Validator is a simple data validation component.",
            "time": "2020-08-28T22:23:50+00:00"
        },
        {
            "name": "hnrazevedo/viewer",
            "version": "dev-master",
            "source": {
                "type": "git",
                "url": "https://github.com/hnrazevedo/Viewer.git",
                "reference": "e0f856155989f0a810f1b0c4b18635c0cdf60e8b"
            },
            "dist": {
                "type": "zip",
                "url": "https://api.github.com/repos/hnrazevedo/Viewer/zipball/e0f856155989f0a810f1b0c4b18635c0cdf60e8b",
                "reference": "e0f856155989f0a810f1b0c4b18635c0cdf60e8b",
                "shasum": ""
            },
            "require": {
                "php": ">=7.4"
            },
            "type": "library",
            "autoload": {
                "psr-4": {
                    "HnrAzevedo\\Viewer\\": "src/"
                }
            },
            "notification-url": "https://packagist.org/downloads/",
            "license": [
                "MIT"
            ],
            "authors": [
                {
                    "name": "Henri Mateus Santos de Azevedo",
                    "email": "hnr.azevedo@gmail.com",
                    "role": "Developer"
                }
            ],
            "description": "Tools for developing personal projects",
            "time": "2020-09-21T11:57:12+00:00"
        },
        {
            "name": "phpmailer/phpmailer",
            "version": "v6.1.7",
            "source": {
                "type": "git",
                "url": "https://github.com/PHPMailer/PHPMailer.git",
                "reference": "2c2370ba3df7034f9eb7b8f387c97b52b2ba5ad0"
            },
            "dist": {
                "type": "zip",
                "url": "https://api.github.com/repos/PHPMailer/PHPMailer/zipball/2c2370ba3df7034f9eb7b8f387c97b52b2ba5ad0",
                "reference": "2c2370ba3df7034f9eb7b8f387c97b52b2ba5ad0",
                "shasum": ""
            },
            "require": {
                "ext-ctype": "*",
                "ext-filter": "*",
                "php": ">=5.5.0"
            },
            "require-dev": {
                "doctrine/annotations": "^1.2",
                "friendsofphp/php-cs-fixer": "^2.2",
                "phpunit/phpunit": "^4.8 || ^5.7"
            },
            "suggest": {
                "ext-mbstring": "Needed to send email in multibyte encoding charset",
                "hayageek/oauth2-yahoo": "Needed for Yahoo XOAUTH2 authentication",
                "league/oauth2-google": "Needed for Google XOAUTH2 authentication",
                "psr/log": "For optional PSR-3 debug logging",
                "stevenmaguire/oauth2-microsoft": "Needed for Microsoft XOAUTH2 authentication",
                "symfony/polyfill-mbstring": "To support UTF-8 if the Mbstring PHP extension is not enabled (^1.2)"
            },
            "type": "library",
            "autoload": {
                "psr-4": {
                    "PHPMailer\\PHPMailer\\": "src/"
                }
            },
            "notification-url": "https://packagist.org/downloads/",
            "license": [
                "LGPL-2.1-only"
            ],
            "authors": [
                {
                    "name": "Marcus Bointon",
                    "email": "phpmailer@synchromedia.co.uk"
                },
                {
                    "name": "Jim Jagielski",
                    "email": "jimjag@gmail.com"
                },
                {
                    "name": "Andy Prevost",
                    "email": "codeworxtech@users.sourceforge.net"
                },
                {
                    "name": "Brent R. Matzelle"
                }
            ],
            "description": "PHPMailer is a full-featured email creation and transfer class for PHP",
            "funding": [
                {
                    "url": "https://github.com/synchro",
                    "type": "github"
                }
            ],
            "time": "2020-07-14T18:50:27+00:00"
        }
    ],
    "packages-dev": [],
    "aliases": [],
    "minimum-stability": "dev",
    "stability-flags": {
        "hnrazevedo/datamanager": 20,
        "hnrazevedo/router": 20,
        "hnrazevedo/viewer": 20
    },
    "prefer-stable": false,
    "prefer-lowest": false,
    "platform": {
        "php": ">=7.4"
    },
    "platform-dev": [],
    "plugin-api-version": "1.1.0"
}
